
Microsoft Visual Studio Solution File, Format Version 12.00
# Visual Studio Version 17
VisualStudioVersion = 17.3.32819.101
MinimumVisualStudioVersion = 10.0.40219.1
Project("{FAE04EC0-301F-11D3-BF4B-00C04F79EFBC}") = "Minesweeper", "Minesweeper\Minesweeper.csproj", "{A8313E7C-F54F-4821-B0CB-F041B57D0EC6}"
EndProject
Project("{FAE04EC0-301F-11D3-BF4B-00C04F79EFBC}") = "MYH", "MYH\MYH.csproj", "{772F3448-A9F0-4759-A7DD-A8D632A7518E}"
EndProject
Project("{FAE04EC0-301F-11D3-BF4B-00C04F79EFBC}") = "Rocio", "Rocio\Rocio.csproj", "{3AAAABDD-590D-40BB-A356-5BDEC6EEB355}"
EndProject
Project("{FAE04EC0-301F-11D3-BF4B-00C04F79EFBC}") = "StickerMemo", "StickerMemo\StickerMemo.csproj", "{1637E8B5-BF40-42B1-BA8D-94D1C41AB664}"
EndProject
Project("{FAE04EC0-301F-11D3-BF4B-00C04F79EFBC}") = "Dotpia", "MyDot\Dotpia.csproj", "{90D6CAA8-A78C-40E3-946F-A1DF5217D76E}"
EndProject
Project("{FAE04EC0-301F-11D3-BF4B-00C04F79EFBC}") = "ScreenShot", "ScreenShot\ScreenShot.csproj", "{5E98C223-C9AF-4B15-9C66-BE0CB0CB41EB}"
EndProject
Project("{FAE04EC0-301F-11D3-BF4B-00C04F79EFBC}") = "Galmurry", "Galmurry\Galmurry.csproj", "{ADED8EBE-D843-4D18-8C2F-04B1844DFD6F}"
EndProject
Global
	GlobalSection(SolutionConfigurationPlatforms) = preSolution
		Debug|Any CPU = Debug|Any CPU
		Release|Any CPU = Release|Any CPU
	EndGlobalSection
	GlobalSection(ProjectConfigurationPlatforms) = postSolution
		{A8313E7C-F54F-4821-B0CB-F041B57D0EC6}.Debug|Any CPU.ActiveCfg = Debug|Any CPU
		{A8313E7C-F54F-4821-B0CB-F041B57D0EC6}.Debug|Any CPU.Build.0 = Debug|Any CPU
		{A8313E7C-F54F-4821-B0CB-F041B57D0EC6}.Release|Any CPU.ActiveCfg = Release|Any CPU
		{A8313E7C-F54F-4821-B0CB-F041B57D0EC6}.Release|Any CPU.Build.0 = Release|Any CPU
		{772F3448-A9F0-4759-A7DD-A8D632A7518E}.Debug|Any CPU.ActiveCfg = Debug|Any CPU
		{772F3448-A9F0-4759-A7DD-A8D632A7518E}.Debug|Any CPU.Build.0 = Debug|Any CPU
		{772F3448-A9F0-4759-A7DD-A8D632A7518E}.Release|Any CPU.ActiveCfg = Release|Any CPU
		{772F3448-A9F0-4759-A7DD-A8D632A7518E}.Release|Any CPU.Build.0 = Release|Any CPU
		{3AAAABDD-590D-40BB-A356-5BDEC6EEB355}.Debug|Any CPU.ActiveCfg = Debug|Any CPU
		{3AAAABDD-590D-40BB-A356-5BDEC6EEB355}.Debug|Any CPU.Build.0 = Debug|Any CPU
		{3AAAABDD-590D-40BB-A356-5BDEC6EEB355}.Release|Any CPU.ActiveCfg = Release|Any CPU
		{3AAAABDD-590D-40BB-A356-5BDEC6EEB355}.Release|Any CPU.Build.0 = Release|Any CPU
		{1637E8B5-BF40-42B1-BA8D-94D1C41AB664}.Debug|Any CPU.ActiveCfg = Debug|Any CPU
		{1637E8B5-BF40-42B1-BA8D-94D1C41AB664}.Debug|Any CPU.Build.0 = Debug|Any CPU
		{1637E8B5-BF40-42B1-BA8D-94D1C41AB664}.Release|Any CPU.ActiveCfg = Release|Any CPU
		{1637E8B5-BF40-42B1-BA8D-94D1C41AB664}.Release|Any CPU.Build.0 = Release|Any CPU
		{90D6CAA8-A78C-40E3-946F-A1DF5217D76E}.Debug|Any CPU.ActiveCfg = Debug|Any CPU
		{90D6CAA8-A78C-40E3-946F-A1DF5217D76E}.Debug|Any CPU.Build.0 = Debug|Any CPU
		{90D6CAA8-A78C-40E3-946F-A1DF5217D76E}.Release|Any CPU.ActiveCfg = Release|Any CPU
		{90D6CAA8-A78C-40E3-946F-A1DF5217D76E}.Release|Any CPU.Build.0 = Release|Any CPU
		{5E98C223-C9AF-4B15-9C66-BE0CB0CB41EB}.Debug|Any CPU.ActiveCfg = Debug|Any CPU
		{5E98C223-C9AF-4B15-9C66-BE0CB0CB41EB}.Debug|Any CPU.Build.0 = Debug|Any CPU
		{5E98C223-C9AF-4B15-9C66-BE0CB0CB41EB}.Release|Any CPU.ActiveCfg = Release|Any CPU
		{5E98C223-C9AF-4B15-9C66-BE0CB0CB41EB}.Release|Any CPU.Build.0 = Release|Any CPU
		{ADED8EBE-D843-4D18-8C2F-04B1844DFD6F}.Debug|Any CPU.ActiveCfg = Debug|Any CPU
		{ADED8EBE-D843-4D18-8C2F-04B1844DFD6F}.Debug|Any CPU.Build.0 = Debug|Any CPU
		{ADED8EBE-D843-4D18-8C2F-04B1844DFD6F}.Release|Any CPU.ActiveCfg = Release|Any CPU
		{ADED8EBE-D843-4D18-8C2F-04B1844DFD6F}.Release|Any CPU.Build.0 = Release|Any CPU
	EndGlobalSection
	GlobalSection(SolutionProperties) = preSolution
		HideSolutionNode = FALSE
	EndGlobalSection
	GlobalSection(ExtensibilityGlobals) = postSolution
		SolutionGuid = {A484FC57-E7DD-4AB9-B377-66FE05483342}
	EndGlobalSection
EndGlobal
